
Microsoft Visual Studio Solution File, Format Version 12.00
# Visual Studio 14
VisualStudioVersion = 14.0.24720.0
MinimumVisualStudioVersion = 10.0.40219.1
Project("{FAE04EC0-301F-11D3-BF4B-00C04F79EFBC}") = "RateMySpeaker", "RateMySpeaker\RateMySpeaker.csproj", "{FA334BFF-B82E-4D2B-8FDA-016B70A06CBB}"
EndProject
Global
	GlobalSection(SolutionConfigurationPlatforms) = preSolution
		Debug|Any CPU = Debug|Any CPU
		Release|Any CPU = Release|Any CPU
	EndGlobalSection
	GlobalSection(ProjectConfigurationPlatforms) = postSolution
		{FA334BFF-B82E-4D2B-8FDA-016B70A06CBB}.Debug|Any CPU.ActiveCfg = Debug|Any CPU
		{FA334BFF-B82E-4D2B-8FDA-016B70A06CBB}.Debug|Any CPU.Build.0 = Debug|Any CPU
		{FA334BFF-B82E-4D2B-8FDA-016B70A06CBB}.Release|Any CPU.ActiveCfg = Release|Any CPU
		{FA334BFF-B82E-4D2B-8FDA-016B70A06CBB}.Release|Any CPU.Build.0 = Release|Any CPU
	EndGlobalSection
	GlobalSection(SolutionProperties) = preSolution
		HideSolutionNode = FALSE
	EndGlobalSection
EndGlobal
